
Microsoft Visual Studio Solution File, Format Version 12.00
# Visual Studio 15
VisualStudioVersion = 15.0.28307.168
MinimumVisualStudioVersion = 10.0.40219.1
Project("{FAE04EC0-301F-11D3-BF4B-00C04F79EFBC}") = "OJTI 2015", "OJTI 2015\OJTI 2015.csproj", "{F9C22B6A-3B2F-4FFF-B1A8-9D993F086246}"
EndProject
Global
	GlobalSection(SolutionConfigurationPlatforms) = preSolution
		Debug|Any CPU = Debug|Any CPU
		Release|Any CPU = Release|Any CPU
	EndGlobalSection
	GlobalSection(ProjectConfigurationPlatforms) = postSolution
		{F9C22B6A-3B2F-4FFF-B1A8-9D993F086246}.Debug|Any CPU.ActiveCfg = Debug|Any CPU
		{F9C22B6A-3B2F-4FFF-B1A8-9D993F086246}.Debug|Any CPU.Build.0 = Debug|Any CPU
		{F9C22B6A-3B2F-4FFF-B1A8-9D993F086246}.Release|Any CPU.ActiveCfg = Release|Any CPU
		{F9C22B6A-3B2F-4FFF-B1A8-9D993F086246}.Release|Any CPU.Build.0 = Release|Any CPU
	EndGlobalSection
	GlobalSection(SolutionProperties) = preSolution
		HideSolutionNode = FALSE
	EndGlobalSection
	GlobalSection(ExtensibilityGlobals) = postSolution
		SolutionGuid = {FAE79B5B-0418-4393-999C-6AB132CBDC6A}
	EndGlobalSection
EndGlobal
